
Microsoft Visual Studio Solution File, Format Version 12.00
# Visual Studio 15
VisualStudioVersion = 15.0.28307.271
MinimumVisualStudioVersion = 10.0.40219.1
Project("{FAE04EC0-301F-11D3-BF4B-00C04F79EFBC}") = "Arrays", "Arrays\Arrays.csproj", "{C7B09FB8-90E9-4CC7-B0C9-ACC2AAA7AFA6}"
EndProject
Global
	GlobalSection(SolutionConfigurationPlatforms) = preSolution
		Debug|Any CPU = Debug|Any CPU
		Release|Any CPU = Release|Any CPU
	EndGlobalSection
	GlobalSection(ProjectConfigurationPlatforms) = postSolution
		{C7B09FB8-90E9-4CC7-B0C9-ACC2AAA7AFA6}.Debug|Any CPU.ActiveCfg = Debug|Any CPU
		{C7B09FB8-90E9-4CC7-B0C9-ACC2AAA7AFA6}.Debug|Any CPU.Build.0 = Debug|Any CPU
		{C7B09FB8-90E9-4CC7-B0C9-ACC2AAA7AFA6}.Release|Any CPU.ActiveCfg = Release|Any CPU
		{C7B09FB8-90E9-4CC7-B0C9-ACC2AAA7AFA6}.Release|Any CPU.Build.0 = Release|Any CPU
	EndGlobalSection
	GlobalSection(SolutionProperties) = preSolution
		HideSolutionNode = FALSE
	EndGlobalSection
	GlobalSection(ExtensibilityGlobals) = postSolution
		SolutionGuid = {286B5BF6-D915-43E9-AF19-F503E3E564FB}
	EndGlobalSection
EndGlobal
